# This file is automatically @generated by Cargo.
# It is not intended for manual editing.
version = 4

[[package]]
name = "fln-core"
version = "0.0.0"

[[package]]
name = "fln-hash"
version = "0.0.0"
dependencies = [
 "fln-core",
]

[[package]]
name = "kernel-ownership-publisher"
version = "0.0.0"
dependencies = [
 "fln-hash",
]
