# This file is automatically @generated by Cargo.
# It is not intended for manual editing.
version = 4

[[package]]
name = "fln"
version = "0.0.0"
dependencies = [
 "fln-checker",
 "fln-comp",
 "fln-core",
 "fln-elab",
 "fln-env",
 "fln-hash",
 "fln-kernel",
 "fln-olean",
 "fln-parse",
 "fln-vm",
]

[[package]]
name = "fln-bignum"
version = "0.0.0"
dependencies = [
 "fln-core",
]

[[package]]
name = "fln-checker"
version = "0.0.0"
dependencies = [
 "fln-hash",
]

[[package]]
name = "fln-cli"
version = "0.0.0"
dependencies = [
 "fln",
 "fln-core",
]

[[package]]
name = "fln-comp"
version = "0.0.0"
dependencies = [
 "fln-core",
 "fln-rt",
]

[[package]]
name = "fln-conformance"
version = "0.0.0"
dependencies = [
 "fln",
 "fln-cli",
 "fln-core",
 "fln-env",
 "fln-hash",
 "fln-kernel",
 "fln-olean",
 "fln-parse",
 "fln-server",
 "fln-syntax",
 "fln-verdict",
]

[[package]]
name = "fln-core"
version = "0.0.0"

[[package]]
name = "fln-elab"
version = "0.0.0"
dependencies = [
 "fln-bignum",
 "fln-core",
 "fln-env",
 "fln-kernel",
 "fln-parse",
 "fln-syntax",
]

[[package]]
name = "fln-env"
version = "0.0.0"
dependencies = [
 "fln-core",
 "fln-hash",
]

[[package]]
name = "fln-epoch-lab"
version = "0.0.0"
dependencies = [
 "fln-conformance",
 "fln-hash",
 "fln-olean",
]

[[package]]
name = "fln-hash"
version = "0.0.0"
dependencies = [
 "fln-core",
]

[[package]]
name = "fln-kernel"
version = "0.0.0"
dependencies = [
 "fln-bignum",
 "fln-core",
 "fln-env",
]

[[package]]
name = "fln-olean"
version = "0.0.0"
dependencies = [
 "fln-core",
 "fln-env",
 "fln-hash",
 "fln-rt",
 "fln-unsafe-region",
]

[[package]]
name = "fln-parse"
version = "0.0.0"
dependencies = [
 "fln-core",
 "fln-hash",
 "fln-syntax",
]

[[package]]
name = "fln-rt"
version = "0.0.0"
dependencies = [
 "fln-core",
 "fln-unsafe-abi",
 "fln-unsafe-region",
]

[[package]]
name = "fln-server"
version = "0.0.0"
dependencies = [
 "fln-core",
]

[[package]]
name = "fln-syntax"
version = "0.0.0"
dependencies = [
 "fln-core",
]

[[package]]
name = "fln-unsafe-abi"
version = "0.0.0"
dependencies = [
 "fln-bignum",
]

[[package]]
name = "fln-unsafe-region"
version = "0.0.0"

[[package]]
name = "fln-verdict"
version = "0.0.0"
dependencies = [
 "fln-core",
 "fln-env",
 "fln-hash",
 "fln-kernel",
]

[[package]]
name = "fln-vm"
version = "0.0.0"
dependencies = [
 "fln-comp",
 "fln-core",
 "fln-hash",
 "fln-rt",
]
