# This file is automatically @generated by Cargo.
# It is not intended for manual editing.
version = 4

[[package]]
name = "fln-core"
version = "0.0.0"

[[package]]
name = "fln-epoch-lab"
version = "0.0.0"
dependencies = [
 "fln-hash",
]

[[package]]
name = "fln-hash"
version = "0.0.0"
dependencies = [
 "fln-core",
]
